
Microsoft Visual Studio Solution File, Format Version 12.00
# Visual Studio 15
VisualStudioVersion = 15.0.26124.0
MinimumVisualStudioVersion = 15.0.26124.0
Project("{FAE04EC0-301F-11D3-BF4B-00C04F79EFBC}") = "Domain", "Domain\Domain.csproj", "{5B46235B-6F83-4732-B791-7549F474403D}"
EndProject
Project("{FAE04EC0-301F-11D3-BF4B-00C04F79EFBC}") = "Application", "Application\Application.csproj", "{AA7C22BF-7B56-449A-805D-6079A2E2BB38}"
EndProject
Project("{FAE04EC0-301F-11D3-BF4B-00C04F79EFBC}") = "Persistence", "Persistence\Persistence.csproj", "{15E6EAF5-8B21-422E-BB8F-99B0C70DEA11}"
EndProject
Project("{FAE04EC0-301F-11D3-BF4B-00C04F79EFBC}") = "API", "API\API.csproj", "{01B2E2F4-942F-48F3-B80C-994D4F879911}"
EndProject
Global
	GlobalSection(SolutionConfigurationPlatforms) = preSolution
		Debug|Any CPU = Debug|Any CPU
		Debug|x64 = Debug|x64
		Debug|x86 = Debug|x86
		Release|Any CPU = Release|Any CPU
		Release|x64 = Release|x64
		Release|x86 = Release|x86
	EndGlobalSection
	GlobalSection(SolutionProperties) = preSolution
		HideSolutionNode = FALSE
	EndGlobalSection
	GlobalSection(ProjectConfigurationPlatforms) = postSolution
		{5B46235B-6F83-4732-B791-7549F474403D}.Debug|Any CPU.ActiveCfg = Debug|Any CPU
		{5B46235B-6F83-4732-B791-7549F474403D}.Debug|Any CPU.Build.0 = Debug|Any CPU
		{5B46235B-6F83-4732-B791-7549F474403D}.Debug|x64.ActiveCfg = Debug|Any CPU
		{5B46235B-6F83-4732-B791-7549F474403D}.Debug|x64.Build.0 = Debug|Any CPU
		{5B46235B-6F83-4732-B791-7549F474403D}.Debug|x86.ActiveCfg = Debug|Any CPU
		{5B46235B-6F83-4732-B791-7549F474403D}.Debug|x86.Build.0 = Debug|Any CPU
		{5B46235B-6F83-4732-B791-7549F474403D}.Release|Any CPU.ActiveCfg = Release|Any CPU
		{5B46235B-6F83-4732-B791-7549F474403D}.Release|Any CPU.Build.0 = Release|Any CPU
		{5B46235B-6F83-4732-B791-7549F474403D}.Release|x64.ActiveCfg = Release|Any CPU
		{5B46235B-6F83-4732-B791-7549F474403D}.Release|x64.Build.0 = Release|Any CPU
		{5B46235B-6F83-4732-B791-7549F474403D}.Release|x86.ActiveCfg = Release|Any CPU
		{5B46235B-6F83-4732-B791-7549F474403D}.Release|x86.Build.0 = Release|Any CPU
		{AA7C22BF-7B56-449A-805D-6079A2E2BB38}.Debug|Any CPU.ActiveCfg = Debug|Any CPU
		{AA7C22BF-7B56-449A-805D-6079A2E2BB38}.Debug|Any CPU.Build.0 = Debug|Any CPU
		{AA7C22BF-7B56-449A-805D-6079A2E2BB38}.Debug|x64.ActiveCfg = Debug|Any CPU
		{AA7C22BF-7B56-449A-805D-6079A2E2BB38}.Debug|x64.Build.0 = Debug|Any CPU
		{AA7C22BF-7B56-449A-805D-6079A2E2BB38}.Debug|x86.ActiveCfg = Debug|Any CPU
		{AA7C22BF-7B56-449A-805D-6079A2E2BB38}.Debug|x86.Build.0 = Debug|Any CPU
		{AA7C22BF-7B56-449A-805D-6079A2E2BB38}.Release|Any CPU.ActiveCfg = Release|Any CPU
		{AA7C22BF-7B56-449A-805D-6079A2E2BB38}.Release|Any CPU.Build.0 = Release|Any CPU
		{AA7C22BF-7B56-449A-805D-6079A2E2BB38}.Release|x64.ActiveCfg = Release|Any CPU
		{AA7C22BF-7B56-449A-805D-6079A2E2BB38}.Release|x64.Build.0 = Release|Any CPU
		{AA7C22BF-7B56-449A-805D-6079A2E2BB38}.Release|x86.ActiveCfg = Release|Any CPU
		{AA7C22BF-7B56-449A-805D-6079A2E2BB38}.Release|x86.Build.0 = Release|Any CPU
		{15E6EAF5-8B21-422E-BB8F-99B0C70DEA11}.Debug|Any CPU.ActiveCfg = Debug|Any CPU
		{15E6EAF5-8B21-422E-BB8F-99B0C70DEA11}.Debug|Any CPU.Build.0 = Debug|Any CPU
		{15E6EAF5-8B21-422E-BB8F-99B0C70DEA11}.Debug|x64.ActiveCfg = Debug|Any CPU
		{15E6EAF5-8B21-422E-BB8F-99B0C70DEA11}.Debug|x64.Build.0 = Debug|Any CPU
		{15E6EAF5-8B21-422E-BB8F-99B0C70DEA11}.Debug|x86.ActiveCfg = Debug|Any CPU
		{15E6EAF5-8B21-422E-BB8F-99B0C70DEA11}.Debug|x86.Build.0 = Debug|Any CPU
		{15E6EAF5-8B21-422E-BB8F-99B0C70DEA11}.Release|Any CPU.ActiveCfg = Release|Any CPU
		{15E6EAF5-8B21-422E-BB8F-99B0C70DEA11}.Release|Any CPU.Build.0 = Release|Any CPU
		{15E6EAF5-8B21-422E-BB8F-99B0C70DEA11}.Release|x64.ActiveCfg = Release|Any CPU
		{15E6EAF5-8B21-422E-BB8F-99B0C70DEA11}.Release|x64.Build.0 = Release|Any CPU
		{15E6EAF5-8B21-422E-BB8F-99B0C70DEA11}.Release|x86.ActiveCfg = Release|Any CPU
		{15E6EAF5-8B21-422E-BB8F-99B0C70DEA11}.Release|x86.Build.0 = Release|Any CPU
		{01B2E2F4-942F-48F3-B80C-994D4F879911}.Debug|Any CPU.ActiveCfg = Debug|Any CPU
		{01B2E2F4-942F-48F3-B80C-994D4F879911}.Debug|Any CPU.Build.0 = Debug|Any CPU
		{01B2E2F4-942F-48F3-B80C-994D4F879911}.Debug|x64.ActiveCfg = Debug|Any CPU
		{01B2E2F4-942F-48F3-B80C-994D4F879911}.Debug|x64.Build.0 = Debug|Any CPU
		{01B2E2F4-942F-48F3-B80C-994D4F879911}.Debug|x86.ActiveCfg = Debug|Any CPU
		{01B2E2F4-942F-48F3-B80C-994D4F879911}.Debug|x86.Build.0 = Debug|Any CPU
		{01B2E2F4-942F-48F3-B80C-994D4F879911}.Release|Any CPU.ActiveCfg = Release|Any CPU
		{01B2E2F4-942F-48F3-B80C-994D4F879911}.Release|Any CPU.Build.0 = Release|Any CPU
		{01B2E2F4-942F-48F3-B80C-994D4F879911}.Release|x64.ActiveCfg = Release|Any CPU
		{01B2E2F4-942F-48F3-B80C-994D4F879911}.Release|x64.Build.0 = Release|Any CPU
		{01B2E2F4-942F-48F3-B80C-994D4F879911}.Release|x86.ActiveCfg = Release|Any CPU
		{01B2E2F4-942F-48F3-B80C-994D4F879911}.Release|x86.Build.0 = Release|Any CPU
	EndGlobalSection
EndGlobal
